// !$*UTF8*$!
{
	archiveVersion = 1;
	classes = {
	};
	objectVersion = 50;
	objects = {

/* Begin PBXBuildFile section */
		549EE3E2233DE5B6004631DD /* MainSplitViewController.swift in Sources */ = {isa = PBXBuildFile; fileRef = 549EE3E1233DE5B6004631DD /* MainSplitViewController.swift */; };
		54CF291323328E340000AFE3 /* AppDelegate.swift in Sources */ = {isa = PBXBuildFile; fileRef = 54CF291223328E340000AFE3 /* AppDelegate.swift */; };
		54CF291523328E340000AFE3 /* ViewController.swift in Sources */ = {isa = PBXBuildFile; fileRef = 54CF291423328E340000AFE3 /* ViewController.swift */; };
		54CF291823328E340000AFE3 /* Main.storyboard in Resources */ = {isa = PBXBuildFile; fileRef = 54CF291623328E340000AFE3 /* Main.storyboard */; };
		54CF291A23328E360000AFE3 /* Assets.xcassets in Resources */ = {isa = PBXBuildFile; fileRef = 54CF291923328E360000AFE3 /* Assets.xcassets */; };
		54CF291D23328E360000AFE3 /* LaunchScreen.storyboard in Resources */ = {isa = PBXBuildFile; fileRef = 54CF291B23328E360000AFE3 /* LaunchScreen.storyboard */; };
		54CF2927233292390000AFE3 /* MasterViewController.swift in Sources */ = {isa = PBXBuildFile; fileRef = 54CF2926233292390000AFE3 /* MasterViewController.swift */; };
		54CF2929233293490000AFE3 /* DetailViewController.swift in Sources */ = {isa = PBXBuildFile; fileRef = 54CF2928233293490000AFE3 /* DetailViewController.swift */; };
		54CF292B23329C970000AFE3 /* periodicTable.json in Resources */ = {isa = PBXBuildFile; fileRef = 54CF292A23329C970000AFE3 /* periodicTable.json */; };
		54CF292D233338CD0000AFE3 /* ElementGridView.swift in Sources */ = {isa = PBXBuildFile; fileRef = 54CF292C233338CD0000AFE3 /* ElementGridView.swift */; };
		54CF292F233400C20000AFE3 /* CustomeTableViewCell.swift in Sources */ = {isa = PBXBuildFile; fileRef = 54CF292E233400C20000AFE3 /* CustomeTableViewCell.swift */; };
/* End PBXBuildFile section */

/* Begin PBXFileReference section */
		549EE3E1233DE5B6004631DD /* MainSplitViewController.swift */ = {isa = PBXFileReference; lastKnownFileType = sourcecode.swift; path = MainSplitViewController.swift; sourceTree = "<group>"; };
		54CF290F23328E340000AFE3 /* Periodic Table.app */ = {isa = PBXFileReference; explicitFileType = wrapper.application; includeInIndex = 0; path = "Periodic Table.app"; sourceTree = BUILT_PRODUCTS_DIR; };
		54CF291223328E340000AFE3 /* AppDelegate.swift */ = {isa = PBXFileReference; lastKnownFileType = sourcecode.swift; path = AppDelegate.swift; sourceTree = "<group>"; };
		54CF291423328E340000AFE3 /* ViewController.swift */ = {isa = PBXFileReference; lastKnownFileType = sourcecode.swift; path = ViewController.swift; sourceTree = "<group>"; };
		54CF291723328E340000AFE3 /* Base */ = {isa = PBXFileReference; lastKnownFileType = file.storyboard; name = Base; path = Base.lproj/Main.storyboard; sourceTree = "<group>"; };
		54CF291923328E360000AFE3 /* Assets.xcassets */ = {isa = PBXFileReference; lastKnownFileType = folder.assetcatalog; path = Assets.xcassets; sourceTree = "<group>"; };
		54CF291C23328E360000AFE3 /* Base */ = {isa = PBXFileReference; lastKnownFileType = file.storyboard; name = Base; path = Base.lproj/LaunchScreen.storyboard; sourceTree = "<group>"; };
		54CF291E23328E360000AFE3 /* Info.plist */ = {isa = PBXFileReference; lastKnownFileType = text.plist.xml; path = Info.plist; sourceTree = "<group>"; };
		54CF2926233292390000AFE3 /* MasterViewController.swift */ = {isa = PBXFileReference; lastKnownFileType = sourcecode.swift; path = MasterViewController.swift; sourceTree = "<group>"; };
		54CF2928233293490000AFE3 /* DetailViewController.swift */ = {isa = PBXFileReference; lastKnownFileType = sourcecode.swift; path = DetailViewController.swift; sourceTree = "<group>"; };
		54CF292A23329C970000AFE3 /* periodicTable.json */ = {isa = PBXFileReference; fileEncoding = 4; lastKnownFileType = text.json; path = periodicTable.json; sourceTree = "<group>"; };
		54CF292C233338CD0000AFE3 /* ElementGridView.swift */ = {isa = PBXFileReference; lastKnownFileType = sourcecode.swift; path = ElementGridView.swift; sourceTree = "<group>"; };
		54CF292E233400C20000AFE3 /* CustomeTableViewCell.swift */ = {isa = PBXFileReference; lastKnownFileType = sourcecode.swift; path = CustomeTableViewCell.swift; sourceTree = "<group>"; };
/* End PBXFileReference section */

/* Begin PBXFrameworksBuildPhase section */
		54CF290C23328E340000AFE3 /* Frameworks */ = {
			isa = PBXFrameworksBuildPhase;
			buildActionMask = 2147483647;
			files = (
			);
			runOnlyForDeploymentPostprocessing = 0;
		};
/* End PBXFrameworksBuildPhase section */

/* Begin PBXGroup section */
		54CF290623328E340000AFE3 = {
			isa = PBXGroup;
			children = (
				54CF291123328E340000AFE3 /* Periodic Table */,
				54CF291023328E340000AFE3 /* Products */,
			);
			sourceTree = "<group>";
		};
		54CF291023328E340000AFE3 /* Products */ = {
			isa = PBXGroup;
			children = (
				54CF290F23328E340000AFE3 /* Periodic Table.app */,
			);
			name = Products;
			sourceTree = "<group>";
		};
		54CF291123328E340000AFE3 /* Periodic Table */ = {
			isa = PBXGroup;
			children = (
				54CF291223328E340000AFE3 /* AppDelegate.swift */,
				54CF292E233400C20000AFE3 /* CustomeTableViewCell.swift */,
				54CF291423328E340000AFE3 /* ViewController.swift */,
				54CF2926233292390000AFE3 /* MasterViewController.swift */,
				54CF2928233293490000AFE3 /* DetailViewController.swift */,
				54CF291623328E340000AFE3 /* Main.storyboard */,
				549EE3E1233DE5B6004631DD /* MainSplitViewController.swift */,
				54CF292A23329C970000AFE3 /* periodicTable.json */,
				54CF292C233338CD0000AFE3 /* ElementGridView.swift */,
				54CF291923328E360000AFE3 /* Assets.xcassets */,
				54CF291B23328E360000AFE3 /* LaunchScreen.storyboard */,
				54CF291E23328E360000AFE3 /* Info.plist */,
			);
			path = "Periodic Table";
			sourceTree = "<group>";
		};
/* End PBXGroup section */

/* Begin PBXNativeTarget section */
		54CF290E23328E340000AFE3 /* Periodic Table */ = {
			isa = PBXNativeTarget;
			buildConfigurationList = 54CF292123328E360000AFE3 /* Build configuration list for PBXNativeTarget "Periodic Table" */;
			buildPhases = (
				54CF290B23328E340000AFE3 /* Sources */,
				54CF290C23328E340000AFE3 /* Frameworks */,
				54CF290D23328E340000AFE3 /* Resources */,
			);
			buildRules = (
			);
			dependencies = (
			);
			name = "Periodic Table";
			productName = "Periodic Table";
			productReference = 54CF290F23328E340000AFE3 /* Periodic Table.app */;
			productType = "com.apple.product-type.application";
		};
/* End PBXNativeTarget section */

/* Begin PBXProject section */
		54CF290723328E340000AFE3 /* Project object */ = {
			isa = PBXProject;
			attributes = {
				LastSwiftUpdateCheck = 1030;
				LastUpgradeCheck = 1030;
				ORGANIZATIONNAME = "Nhan Cao";
				TargetAttributes = {
					54CF290E23328E340000AFE3 = {
						CreatedOnToolsVersion = 10.3;
					};
				};
			};
			buildConfigurationList = 54CF290A23328E340000AFE3 /* Build configuration list for PBXProject "Periodic Table" */;
			compatibilityVersion = "Xcode 9.3";
			developmentRegion = en;
			hasScannedForEncodings = 0;
			knownRegions = (
				en,
				Base,
			);
			mainGroup = 54CF290623328E340000AFE3;
			productRefGroup = 54CF291023328E340000AFE3 /* Products */;
			projectDirPath = "";
			projectRoot = "";
			targets = (
				54CF290E23328E340000AFE3 /* Periodic Table */,
			);
		};
/* End PBXProject section */

/* Begin PBXResourcesBuildPhase section */
		54CF290D23328E340000AFE3 /* Resources */ = {
			isa = PBXResourcesBuildPhase;
			buildActionMask = 2147483647;
			files = (
				54CF291D23328E360000AFE3 /* LaunchScreen.storyboard in Resources */,
				54CF292B23329C970000AFE3 /* periodicTable.json in Resources */,
				54CF291A23328E360000AFE3 /* Assets.xcassets in Resources */,
				54CF291823328E340000AFE3 /* Main.storyboard in Resources */,
			);
			runOnlyForDeploymentPostprocessing = 0;
		};
/* End PBXResourcesBuildPhase section */

/* Begin PBXSourcesBuildPhase section */
		54CF290B23328E340000AFE3 /* Sources */ = {
			isa = PBXSourcesBuildPhase;
			buildActionMask = 2147483647;
			files = (
				54CF292F233400C20000AFE3 /* CustomeTableViewCell.swift in Sources */,
				54CF291523328E340000AFE3 /* ViewController.swift in Sources */,
				54CF291323328E340000AFE3 /* AppDelegate.swift in Sources */,
				549EE3E2233DE5B6004631DD /* MainSplitViewController.swift in Sources */,
				54CF2927233292390000AFE3 /* MasterViewController.swift in Sources */,
				54CF292D233338CD0000AFE3 /* ElementGridView.swift in Sources */,
				54CF2929233293490000AFE3 /* DetailViewController.swift in Sources */,
			);
			runOnlyForDeploymentPostprocessing = 0;
		};
/* End PBXSourcesBuildPhase section */

/* Begin PBXVariantGroup section */
		54CF291623328E340000AFE3 /* Main.storyboard */ = {
			isa = PBXVariantGroup;
			children = (
				54CF291723328E340000AFE3 /* Base */,
			);
			name = Main.storyboard;
			sourceTree = "<group>";
		};
		54CF291B23328E360000AFE3 /* LaunchScreen.storyboard */ = {
			isa = PBXVariantGroup;
			children = (
				54CF291C23328E360000AFE3 /* Base */,
			);
			name = LaunchScreen.storyboard;
			sourceTree = "<group>";
		};
/* End PBXVariantGroup section */

/* Begin XCBuildConfiguration section */
		54CF291F23328E360000AFE3 /* Debug */ = {
			isa = XCBuildConfiguration;
			buildSettings = {
				ALWAYS_SEARCH_USER_PATHS = NO;
				CLANG_ANALYZER_NONNULL = YES;
				CLANG_ANALYZER_NUMBER_OBJECT_CONVERSION = YES_AGGRESSIVE;
				CLANG_CXX_LANGUAGE_STANDARD = "gnu++14";
				CLANG_CXX_LIBRARY = "libc++";
				CLANG_ENABLE_MODULES = YES;
				CLANG_ENABLE_OBJC_ARC = YES;
				CLANG_ENABLE_OBJC_WEAK = YES;
				CLANG_WARN_BLOCK_CAPTURE_AUTORELEASING = YES;
				CLANG_WARN_BOOL_CONVERSION = YES;
				CLANG_WARN_COMMA = YES;
				CLANG_WARN_CONSTANT_CONVERSION = YES;
				CLANG_WARN_DEPRECATED_OBJC_IMPLEMENTATIONS = YES;
				CLANG_WARN_DIRECT_OBJC_ISA_USAGE = YES_ERROR;
				CLANG_WARN_DOCUMENTATION_COMMENTS = YES;
				CLANG_WARN_EMPTY_BODY = YES;
				CLANG_WARN_ENUM_CONVERSION = YES;
				CLANG_WARN_INFINITE_RECURSION = YES;
				CLANG_WARN_INT_CONVERSION = YES;
				CLANG_WARN_NON_LITERAL_NULL_CONVERSION = YES;
				CLANG_WARN_OBJC_IMPLICIT_RETAIN_SELF = YES;
				CLANG_WARN_OBJC_LITERAL_CONVERSION = YES;
				CLANG_WARN_OBJC_ROOT_CLASS = YES_ERROR;
				CLANG_WARN_RANGE_LOOP_ANALYSIS = YES;
				CLANG_WARN_STRICT_PROTOTYPES = YES;
				CLANG_WARN_SUSPICIOUS_MOVE = YES;
				CLANG_WARN_UNGUARDED_AVAILABILITY = YES_AGGRESSIVE;
				CLANG_WARN_UNREACHABLE_CODE = YES;
				CLANG_WARN__DUPLICATE_METHOD_MATCH = YES;
				CODE_SIGN_IDENTITY = "iPhone Developer";
				COPY_PHASE_STRIP = NO;
				DEBUG_INFORMATION_FORMAT = dwarf;
				ENABLE_STRICT_OBJC_MSGSEND = YES;
				ENABLE_TESTABILITY = YES;
				GCC_C_LANGUAGE_STANDARD = gnu11;
				GCC_DYNAMIC_NO_PIC = NO;
				GCC_NO_COMMON_BLOCKS = YES;
				GCC_OPTIMIZATION_LEVEL = 0;
				GCC_PREPROCESSOR_DEFINITIONS = (
					"DEBUG=1",
					"$(inherited)",
				);
				GCC_WARN_64_TO_32_BIT_CONVERSION = YES;
				GCC_WARN_ABOUT_RETURN_TYPE = YES_ERROR;
				GCC_WARN_UNDECLARED_SELECTOR = YES;
				GCC_WARN_UNINITIALIZED_AUTOS = YES_AGGRESSIVE;
				GCC_WARN_UNUSED_FUNCTION = YES;
				GCC_WARN_UNUSED_VARIABLE = YES;
				IPHONEOS_DEPLOYMENT_TARGET = 12.4;
				MTL_ENABLE_DEBUG_INFO = INCLUDE_SOURCE;
				MTL_FAST_MATH = YES;
				ONLY_ACTIVE_ARCH = YES;
				SDKROOT = iphoneos;
				SWIFT_ACTIVE_COMPILATION_CONDITIONS = DEBUG;
				SWIFT_OPTIMIZATION_LEVEL = "-Onone";
			};
			name = Debug;
		};
		54CF292023328E360000AFE3 /* Release */ = {
			isa = XCBuildConfiguration;
			buildSettings = {
				ALWAYS_SEARCH_USER_PATHS = NO;
				CLANG_ANALYZER_NONNULL = YES;
				CLANG_ANALYZER_NUMBER_OBJECT_CONVERSION = YES_AGGRESSIVE;
				CLANG_CXX_LANGUAGE_STANDARD = "gnu++14";
				CLANG_CXX_LIBRARY = "libc++";
				CLANG_ENABLE_MODULES = YES;
				CLANG_ENABLE_OBJC_ARC = YES;
				CLANG_ENABLE_OBJC_WEAK = YES;
				CLANG_WARN_BLOCK_CAPTURE_AUTORELEASING = YES;
				CLANG_WARN_BOOL_CONVERSION = YES;
				CLANG_WARN_COMMA = YES;
				CLANG_WARN_CONSTANT_CONVERSION = YES;
				CLANG_WARN_DEPRECATED_OBJC_IMPLEMENTATIONS = YES;
				CLANG_WARN_DIRECT_OBJC_ISA_USAGE = YES_ERROR;
				CLANG_WARN_DOCUMENTATION_COMMENTS = YES;
				CLANG_WARN_EMPTY_BODY = YES;
				CLANG_WARN_ENUM_CONVERSION = YES;
				CLANG_WARN_INFINITE_RECURSION = YES;
				CLANG_WARN_INT_CONVERSION = YES;
				CLANG_WARN_NON_LITERAL_NULL_CONVERSION = YES;
				CLANG_WARN_OBJC_IMPLICIT_RETAIN_SELF = YES;
				CLANG_WARN_OBJC_LITERAL_CONVERSION = YES;
				CLANG_WARN_OBJC_ROOT_CLASS = YES_ERROR;
				CLANG_WARN_RANGE_LOOP_ANALYSIS = YES;
				CLANG_WARN_STRICT_PROTOTYPES = YES;
				CLANG_WARN_SUSPICIOUS_MOVE = YES;
				CLANG_WARN_UNGUARDED_AVAILABILITY = YES_AGGRESSIVE;
				CLANG_WARN_UNREACHABLE_CODE = YES;
				CLANG_WARN__DUPLICATE_METHOD_MATCH = YES;
				CODE_SIGN_IDENTITY = "iPhone Developer";
				COPY_PHASE_STRIP = NO;
				DEBUG_INFORMATION_FORMAT = "dwarf-with-dsym";
				ENABLE_NS_ASSERTIONS = NO;
				ENABLE_STRICT_OBJC_MSGSEND = YES;
				GCC_C_LANGUAGE_STANDARD = gnu11;
				GCC_NO_COMMON_BLOCKS = YES;
				GCC_WARN_64_TO_32_BIT_CONVERSION = YES;
				GCC_WARN_ABOUT_RETURN_TYPE = YES_ERROR;
				GCC_WARN_UNDECLARED_SELECTOR = YES;
				GCC_WARN_UNINITIALIZED_AUTOS = YES_AGGRESSIVE;
				GCC_WARN_UNUSED_FUNCTION = YES;
				GCC_WARN_UNUSED_VARIABLE = YES;
				IPHONEOS_DEPLOYMENT_TARGET = 12.4;
				MTL_ENABLE_DEBUG_INFO = NO;
				MTL_FAST_MATH = YES;
				SDKROOT = iphoneos;
				SWIFT_COMPILATION_MODE = wholemodule;
				SWIFT_OPTIMIZATION_LEVEL = "-O";
				VALIDATE_PRODUCT = YES;
			};
			name = Release;
		};
		54CF292223328E360000AFE3 /* Debug */ = {
			isa = XCBuildConfiguration;
			buildSettings = {
				ASSETCATALOG_COMPILER_APPICON_NAME = AppIcon;
				CODE_SIGN_STYLE = Automatic;
				DEVELOPMENT_TEAM = 63XYY63393;
				INFOPLIST_FILE = "Periodic Table/Info.plist";
				LD_RUNPATH_SEARCH_PATHS = (
					"$(inherited)",
					"@executable_path/Frameworks",
				);
				PRODUCT_BUNDLE_IDENTIFIER = "duynhan39.intro.Periodic-Table";
				PRODUCT_NAME = "$(TARGET_NAME)";
				SWIFT_VERSION = 5.0;
				TARGETED_DEVICE_FAMILY = "1,2";
			};
			name = Debug;
		};
		54CF292323328E360000AFE3 /* Release */ = {
			isa = XCBuildConfiguration;
			buildSettings = {
				ASSETCATALOG_COMPILER_APPICON_NAME = AppIcon;
				CODE_SIGN_STYLE = Automatic;
				DEVELOPMENT_TEAM = 63XYY63393;
				INFOPLIST_FILE = "Periodic Table/Info.plist";
				LD_RUNPATH_SEARCH_PATHS = (
					"$(inherited)",
					"@executable_path/Frameworks",
				);
				PRODUCT_BUNDLE_IDENTIFIER = "duynhan39.intro.Periodic-Table";
				PRODUCT_NAME = "$(TARGET_NAME)";
				SWIFT_VERSION = 5.0;
				TARGETED_DEVICE_FAMILY = "1,2";
			};
			name = Release;
		};
/* End XCBuildConfiguration section */

/* Begin XCConfigurationList section */
		54CF290A23328E340000AFE3 /* Build configuration list for PBXProject "Periodic Table" */ = {
			isa = XCConfigurationList;
			buildConfigurations = (
				54CF291F23328E360000AFE3 /* Debug */,
				54CF292023328E360000AFE3 /* Release */,
			);
			defaultConfigurationIsVisible = 0;
			defaultConfigurationName = Release;
		};
		54CF292123328E360000AFE3 /* Build configuration list for PBXNativeTarget "Periodic Table" */ = {
			isa = XCConfigurationList;
			buildConfigurations = (
				54CF292223328E360000AFE3 /* Debug */,
				54CF292323328E360000AFE3 /* Release */,
			);
			defaultConfigurationIsVisible = 0;
			defaultConfigurationName = Release;
		};
/* End XCConfigurationList section */
	};
	rootObject = 54CF290723328E340000AFE3 /* Project object */;
}
